
Microsoft Visual Studio Solution File, Format Version 12.00
# Visual Studio 15
VisualStudioVersion = 15.0.28307.852
MinimumVisualStudioVersion = 10.0.40219.1
Project("{8BC9CEB8-8B4A-11D0-8D11-00A0C91BC942}") = "Calculator", "Calculator\Calculator.vcxproj", "{4F10DF30-0D51-443A-8E50-F60FF6C03C8A}"
EndProject
Project("{8BC9CEB8-8B4A-11D0-8D11-00A0C91BC942}") = "CalculatorTests", "CalculatorTests\CalculatorTests.vcxproj", "{6636F463-AA2A-4402-8DA3-B44EE59C8BDB}"
EndProject
Global
	GlobalSection(SolutionConfigurationPlatforms) = preSolution
		Debug|x64 = Debug|x64
		Debug|x86 = Debug|x86
		Release|x64 = Release|x64
		Release|x86 = Release|x86
	EndGlobalSection
	GlobalSection(ProjectConfigurationPlatforms) = postSolution
		{4F10DF30-0D51-443A-8E50-F60FF6C03C8A}.Debug|x64.ActiveCfg = Debug|x64
		{4F10DF30-0D51-443A-8E50-F60FF6C03C8A}.Debug|x64.Build.0 = Debug|x64
		{4F10DF30-0D51-443A-8E50-F60FF6C03C8A}.Debug|x86.ActiveCfg = Debug|Win32
		{4F10DF30-0D51-443A-8E50-F60FF6C03C8A}.Debug|x86.Build.0 = Debug|Win32
		{4F10DF30-0D51-443A-8E50-F60FF6C03C8A}.Release|x64.ActiveCfg = Release|x64
		{4F10DF30-0D51-443A-8E50-F60FF6C03C8A}.Release|x64.Build.0 = Release|x64
		{4F10DF30-0D51-443A-8E50-F60FF6C03C8A}.Release|x86.ActiveCfg = Release|Win32
		{4F10DF30-0D51-443A-8E50-F60FF6C03C8A}.Release|x86.Build.0 = Release|Win32
		{6636F463-AA2A-4402-8DA3-B44EE59C8BDB}.Debug|x64.ActiveCfg = Debug|x64
		{6636F463-AA2A-4402-8DA3-B44EE59C8BDB}.Debug|x64.Build.0 = Debug|x64
		{6636F463-AA2A-4402-8DA3-B44EE59C8BDB}.Debug|x86.ActiveCfg = Debug|Win32
		{6636F463-AA2A-4402-8DA3-B44EE59C8BDB}.Debug|x86.Build.0 = Debug|Win32
		{6636F463-AA2A-4402-8DA3-B44EE59C8BDB}.Release|x64.ActiveCfg = Release|x64
		{6636F463-AA2A-4402-8DA3-B44EE59C8BDB}.Release|x64.Build.0 = Release|x64
		{6636F463-AA2A-4402-8DA3-B44EE59C8BDB}.Release|x86.ActiveCfg = Release|Win32
		{6636F463-AA2A-4402-8DA3-B44EE59C8BDB}.Release|x86.Build.0 = Release|Win32
	EndGlobalSection
	GlobalSection(SolutionProperties) = preSolution
		HideSolutionNode = FALSE
	EndGlobalSection
	GlobalSection(ExtensibilityGlobals) = postSolution
		SolutionGuid = {1A6F4137-06EC-4E04-B48B-9F3956F033EB}
	EndGlobalSection
EndGlobal
